// !$*UTF8*$!
{
	archiveVersion = 1;
	classes = {
	};
	objectVersion = 56;
	objects = {

/* Begin PBXBuildFile section */
		7F16D7572A93CF370054FFF1 /* ConfigTableViewCell.swift in Sources */ = {isa = PBXBuildFile; fileRef = 7F16D7562A93CF370054FFF1 /* ConfigTableViewCell.swift */; };
		7F16D75B2A96625C0054FFF1 /* EmojieCell.swift in Sources */ = {isa = PBXBuildFile; fileRef = 7F16D75A2A96625C0054FFF1 /* EmojieCell.swift */; };
		7F16D75D2A9666580054FFF1 /* EmojieView.swift in Sources */ = {isa = PBXBuildFile; fileRef = 7F16D75C2A9666580054FFF1 /* EmojieView.swift */; };
		7F16D75F2A96B6A50054FFF1 /* ColorCell.swift in Sources */ = {isa = PBXBuildFile; fileRef = 7F16D75E2A96B6A50054FFF1 /* ColorCell.swift */; };
		7F16D7612A96B7420054FFF1 /* ColorView.swift in Sources */ = {isa = PBXBuildFile; fileRef = 7F16D7602A96B7420054FFF1 /* ColorView.swift */; };
		7F20E6142A759A6C00C49C3E /* AppDelegate.swift in Sources */ = {isa = PBXBuildFile; fileRef = 7F20E6132A759A6C00C49C3E /* AppDelegate.swift */; };
		7F20E6162A759A6C00C49C3E /* SceneDelegate.swift in Sources */ = {isa = PBXBuildFile; fileRef = 7F20E6152A759A6C00C49C3E /* SceneDelegate.swift */; };
		7F20E61D2A759A6E00C49C3E /* Assets.xcassets in Resources */ = {isa = PBXBuildFile; fileRef = 7F20E61C2A759A6E00C49C3E /* Assets.xcassets */; };
		7F20E6202A759A6E00C49C3E /* LaunchScreen.storyboard in Resources */ = {isa = PBXBuildFile; fileRef = 7F20E61E2A759A6E00C49C3E /* LaunchScreen.storyboard */; };
		7F20E6292A75A27D00C49C3E /* UIColor_ext.swift in Sources */ = {isa = PBXBuildFile; fileRef = 7F20E6282A75A27D00C49C3E /* UIColor_ext.swift */; };
		7F20E62B2A75C1F200C49C3E /* UIFont_ext.swift in Sources */ = {isa = PBXBuildFile; fileRef = 7F20E62A2A75C1F200C49C3E /* UIFont_ext.swift */; };
		7F34B3A02A972F990068359E /* AlertPresenter.swift in Sources */ = {isa = PBXBuildFile; fileRef = 7F34B39F2A972F990068359E /* AlertPresenter.swift */; };
		7F34B3A22A975A790068359E /* ScheduleViewController.swift in Sources */ = {isa = PBXBuildFile; fileRef = 7F34B3A12A975A790068359E /* ScheduleViewController.swift */; };
		7F34B3A52A975B340068359E /* ScheduleTableViewCell.swift in Sources */ = {isa = PBXBuildFile; fileRef = 7F34B3A42A975B340068359E /* ScheduleTableViewCell.swift */; };
		7F34B3A92A98A46F0068359E /* SupplementaryTrackersView.swift in Sources */ = {isa = PBXBuildFile; fileRef = 7F34B3A82A98A46F0068359E /* SupplementaryTrackersView.swift */; };
		7F34B3AB2A98D39F0068359E /* Date_ext.swift in Sources */ = {isa = PBXBuildFile; fileRef = 7F34B3AA2A98D39F0068359E /* Date_ext.swift */; };
		7F6D3E402AACAD2600FF0419 /* CategoryViewController.swift in Sources */ = {isa = PBXBuildFile; fileRef = 7F6D3E3F2AACAD2600FF0419 /* CategoryViewController.swift */; };
		7F6D3E432AACAD5300FF0419 /* CategoriesViewModel.swift in Sources */ = {isa = PBXBuildFile; fileRef = 7F6D3E422AACAD5300FF0419 /* CategoriesViewModel.swift */; };
		7F6D3E452AACAD6A00FF0419 /* CategoryTableViewCell.swift in Sources */ = {isa = PBXBuildFile; fileRef = 7F6D3E442AACAD6A00FF0419 /* CategoryTableViewCell.swift */; };
		7F6D3E472AACAD8600FF0419 /* CategoryViewModel.swift in Sources */ = {isa = PBXBuildFile; fileRef = 7F6D3E462AACAD8600FF0419 /* CategoryViewModel.swift */; };
		7F6D3E492AACB02900FF0419 /* Observable.swift in Sources */ = {isa = PBXBuildFile; fileRef = 7F6D3E482AACB02900FF0419 /* Observable.swift */; };
		7F6D3E4B2AACBC8200FF0419 /* CategoryAddViewController.swift in Sources */ = {isa = PBXBuildFile; fileRef = 7F6D3E4A2AACBC8200FF0419 /* CategoryAddViewController.swift */; };
		7F6D3E4D2AACBD4500FF0419 /* UIKit_ext.swift in Sources */ = {isa = PBXBuildFile; fileRef = 7F6D3E4C2AACBD4500FF0419 /* UIKit_ext.swift */; };
		7F6D3E4F2AAEFC4B00FF0419 /* CategoryAddViewModel.swift in Sources */ = {isa = PBXBuildFile; fileRef = 7F6D3E4E2AAEFC4B00FF0419 /* CategoryAddViewModel.swift */; };
		7F6D3E512AB21E0E00FF0419 /* ConfigTableViewCellViewModel.swift in Sources */ = {isa = PBXBuildFile; fileRef = 7F6D3E502AB21E0E00FF0419 /* ConfigTableViewCellViewModel.swift */; };
		7F8475442A7E868400BBF9EF /* WelcomeViewContoller.swift in Sources */ = {isa = PBXBuildFile; fileRef = 7F8475432A7E868400BBF9EF /* WelcomeViewContoller.swift */; };
		7F8475472A7E923000BBF9EF /* WelcomePageViewController.swift in Sources */ = {isa = PBXBuildFile; fileRef = 7F8475462A7E923000BBF9EF /* WelcomePageViewController.swift */; };
		7F8475492A7F693F00BBF9EF /* LauncScreenViewController.swift in Sources */ = {isa = PBXBuildFile; fileRef = 7F8475482A7F693F00BBF9EF /* LauncScreenViewController.swift */; };
		7F84754C2A7F73ED00BBF9EF /* TabBarController.swift in Sources */ = {isa = PBXBuildFile; fileRef = 7F84754B2A7F73ED00BBF9EF /* TabBarController.swift */; };
		7F84754E2A7F7C0000BBF9EF /* TrackersViewController.swift in Sources */ = {isa = PBXBuildFile; fileRef = 7F84754D2A7F7C0000BBF9EF /* TrackersViewController.swift */; };
		7F8475502A7F7C5400BBF9EF /* StatisticViewController.swift in Sources */ = {isa = PBXBuildFile; fileRef = 7F84754F2A7F7C5400BBF9EF /* StatisticViewController.swift */; };
		7F8475522A8170B700BBF9EF /* TrackerCollectionViewCell.swift in Sources */ = {isa = PBXBuildFile; fileRef = 7F8475512A8170B700BBF9EF /* TrackerCollectionViewCell.swift */; };
		7F8475542A8176A000BBF9EF /* Tracker.swift in Sources */ = {isa = PBXBuildFile; fileRef = 7F8475532A8176A000BBF9EF /* Tracker.swift */; };
		7F8475592A84299900BBF9EF /* TrackerCategory.swift in Sources */ = {isa = PBXBuildFile; fileRef = 7F8475582A84299800BBF9EF /* TrackerCategory.swift */; };
		7F84755B2A8429F500BBF9EF /* TrackerRecord.swift in Sources */ = {isa = PBXBuildFile; fileRef = 7F84755A2A8429F500BBF9EF /* TrackerRecord.swift */; };
		7F84755D2A86AF7C00BBF9EF /* Helper.swift in Sources */ = {isa = PBXBuildFile; fileRef = 7F84755C2A86AF7C00BBF9EF /* Helper.swift */; };
		7F8475612A86B52C00BBF9EF /* TrackerAddViewController.swift in Sources */ = {isa = PBXBuildFile; fileRef = 7F8475602A86B52C00BBF9EF /* TrackerAddViewController.swift */; };
		7F8475632A8D514C00BBF9EF /* TrackerConfigurationViewController.swift in Sources */ = {isa = PBXBuildFile; fileRef = 7F8475622A8D514C00BBF9EF /* TrackerConfigurationViewController.swift */; };
		7F9523EA2AA239C700EA4B11 /* CalendarHelper.swift in Sources */ = {isa = PBXBuildFile; fileRef = 7F9523E92AA239C700EA4B11 /* CalendarHelper.swift */; };
		7F9523EE2AA311A700EA4B11 /* Model.xcdatamodeld in Sources */ = {isa = PBXBuildFile; fileRef = 7F9523EC2AA311A700EA4B11 /* Model.xcdatamodeld */; };
		7F9523F12AA311F400EA4B11 /* TrackerStore.swift in Sources */ = {isa = PBXBuildFile; fileRef = 7F9523F02AA311F300EA4B11 /* TrackerStore.swift */; };
		7F9523F32AA3121500EA4B11 /* TrackerCategoryStore.swift in Sources */ = {isa = PBXBuildFile; fileRef = 7F9523F22AA3121500EA4B11 /* TrackerCategoryStore.swift */; };
		7F9523F52AA3122800EA4B11 /* TrackerRecordStore.swift in Sources */ = {isa = PBXBuildFile; fileRef = 7F9523F42AA3122800EA4B11 /* TrackerRecordStore.swift */; };
		7FE9C52B2A9CDCB100C7C769 /* String_ext.swift in Sources */ = {isa = PBXBuildFile; fileRef = 7FE9C52A2A9CDCB100C7C769 /* String_ext.swift */; };
		7FE9C52D2A9CE25F00C7C769 /* Schedule.swift in Sources */ = {isa = PBXBuildFile; fileRef = 7FE9C52C2A9CE25F00C7C769 /* Schedule.swift */; };
		7FE9C52F2A9E757C00C7C769 /* ALertModel.swift in Sources */ = {isa = PBXBuildFile; fileRef = 7FE9C52E2A9E757C00C7C769 /* ALertModel.swift */; };
/* End PBXBuildFile section */

/* Begin PBXFileReference section */
		7F16D7562A93CF370054FFF1 /* ConfigTableViewCell.swift */ = {isa = PBXFileReference; lastKnownFileType = sourcecode.swift; path = ConfigTableViewCell.swift; sourceTree = "<group>"; };
		7F16D75A2A96625C0054FFF1 /* EmojieCell.swift */ = {isa = PBXFileReference; lastKnownFileType = sourcecode.swift; path = EmojieCell.swift; sourceTree = "<group>"; };
		7F16D75C2A9666580054FFF1 /* EmojieView.swift */ = {isa = PBXFileReference; lastKnownFileType = sourcecode.swift; path = EmojieView.swift; sourceTree = "<group>"; };
		7F16D75E2A96B6A50054FFF1 /* ColorCell.swift */ = {isa = PBXFileReference; lastKnownFileType = sourcecode.swift; path = ColorCell.swift; sourceTree = "<group>"; };
		7F16D7602A96B7420054FFF1 /* ColorView.swift */ = {isa = PBXFileReference; lastKnownFileType = sourcecode.swift; path = ColorView.swift; sourceTree = "<group>"; };
		7F20E6102A759A6C00C49C3E /* Tracker.app */ = {isa = PBXFileReference; explicitFileType = wrapper.application; includeInIndex = 0; path = Tracker.app; sourceTree = BUILT_PRODUCTS_DIR; };
		7F20E6132A759A6C00C49C3E /* AppDelegate.swift */ = {isa = PBXFileReference; lastKnownFileType = sourcecode.swift; path = AppDelegate.swift; sourceTree = "<group>"; };
		7F20E6152A759A6C00C49C3E /* SceneDelegate.swift */ = {isa = PBXFileReference; lastKnownFileType = sourcecode.swift; path = SceneDelegate.swift; sourceTree = "<group>"; };
		7F20E61C2A759A6E00C49C3E /* Assets.xcassets */ = {isa = PBXFileReference; lastKnownFileType = folder.assetcatalog; path = Assets.xcassets; sourceTree = "<group>"; };
		7F20E61F2A759A6E00C49C3E /* Base */ = {isa = PBXFileReference; lastKnownFileType = file.storyboard; name = Base; path = Base.lproj/LaunchScreen.storyboard; sourceTree = "<group>"; };
		7F20E6212A759A6E00C49C3E /* Info.plist */ = {isa = PBXFileReference; lastKnownFileType = text.plist.xml; path = Info.plist; sourceTree = "<group>"; };
		7F20E6282A75A27D00C49C3E /* UIColor_ext.swift */ = {isa = PBXFileReference; lastKnownFileType = sourcecode.swift; path = UIColor_ext.swift; sourceTree = "<group>"; };
		7F20E62A2A75C1F200C49C3E /* UIFont_ext.swift */ = {isa = PBXFileReference; lastKnownFileType = sourcecode.swift; path = UIFont_ext.swift; sourceTree = "<group>"; };
		7F34B39F2A972F990068359E /* AlertPresenter.swift */ = {isa = PBXFileReference; lastKnownFileType = sourcecode.swift; path = AlertPresenter.swift; sourceTree = "<group>"; };
		7F34B3A12A975A790068359E /* ScheduleViewController.swift */ = {isa = PBXFileReference; lastKnownFileType = sourcecode.swift; path = ScheduleViewController.swift; sourceTree = "<group>"; };
		7F34B3A42A975B340068359E /* ScheduleTableViewCell.swift */ = {isa = PBXFileReference; lastKnownFileType = sourcecode.swift; path = ScheduleTableViewCell.swift; sourceTree = "<group>"; };
		7F34B3A82A98A46F0068359E /* SupplementaryTrackersView.swift */ = {isa = PBXFileReference; lastKnownFileType = sourcecode.swift; path = SupplementaryTrackersView.swift; sourceTree = "<group>"; };
		7F34B3AA2A98D39F0068359E /* Date_ext.swift */ = {isa = PBXFileReference; lastKnownFileType = sourcecode.swift; path = Date_ext.swift; sourceTree = "<group>"; };
		7F6D3E3F2AACAD2600FF0419 /* CategoryViewController.swift */ = {isa = PBXFileReference; lastKnownFileType = sourcecode.swift; path = CategoryViewController.swift; sourceTree = "<group>"; };
		7F6D3E422AACAD5300FF0419 /* CategoriesViewModel.swift */ = {isa = PBXFileReference; lastKnownFileType = sourcecode.swift; path = CategoriesViewModel.swift; sourceTree = "<group>"; };
		7F6D3E442AACAD6A00FF0419 /* CategoryTableViewCell.swift */ = {isa = PBXFileReference; lastKnownFileType = sourcecode.swift; path = CategoryTableViewCell.swift; sourceTree = "<group>"; };
		7F6D3E462AACAD8600FF0419 /* CategoryViewModel.swift */ = {isa = PBXFileReference; lastKnownFileType = sourcecode.swift; path = CategoryViewModel.swift; sourceTree = "<group>"; };
		7F6D3E482AACB02900FF0419 /* Observable.swift */ = {isa = PBXFileReference; lastKnownFileType = sourcecode.swift; path = Observable.swift; sourceTree = "<group>"; };
		7F6D3E4A2AACBC8200FF0419 /* CategoryAddViewController.swift */ = {isa = PBXFileReference; lastKnownFileType = sourcecode.swift; path = CategoryAddViewController.swift; sourceTree = "<group>"; };
		7F6D3E4C2AACBD4500FF0419 /* UIKit_ext.swift */ = {isa = PBXFileReference; lastKnownFileType = sourcecode.swift; path = UIKit_ext.swift; sourceTree = "<group>"; };
		7F6D3E4E2AAEFC4B00FF0419 /* CategoryAddViewModel.swift */ = {isa = PBXFileReference; lastKnownFileType = sourcecode.swift; path = CategoryAddViewModel.swift; sourceTree = "<group>"; };
		7F6D3E502AB21E0E00FF0419 /* ConfigTableViewCellViewModel.swift */ = {isa = PBXFileReference; lastKnownFileType = sourcecode.swift; path = ConfigTableViewCellViewModel.swift; sourceTree = "<group>"; };
		7F8475432A7E868400BBF9EF /* WelcomeViewContoller.swift */ = {isa = PBXFileReference; lastKnownFileType = sourcecode.swift; path = WelcomeViewContoller.swift; sourceTree = "<group>"; };
		7F8475462A7E923000BBF9EF /* WelcomePageViewController.swift */ = {isa = PBXFileReference; lastKnownFileType = sourcecode.swift; path = WelcomePageViewController.swift; sourceTree = "<group>"; };
		7F8475482A7F693F00BBF9EF /* LauncScreenViewController.swift */ = {isa = PBXFileReference; lastKnownFileType = sourcecode.swift; path = LauncScreenViewController.swift; sourceTree = "<group>"; };
		7F84754B2A7F73ED00BBF9EF /* TabBarController.swift */ = {isa = PBXFileReference; lastKnownFileType = sourcecode.swift; path = TabBarController.swift; sourceTree = "<group>"; };
		7F84754D2A7F7C0000BBF9EF /* TrackersViewController.swift */ = {isa = PBXFileReference; lastKnownFileType = sourcecode.swift; path = TrackersViewController.swift; sourceTree = "<group>"; };
		7F84754F2A7F7C5400BBF9EF /* StatisticViewController.swift */ = {isa = PBXFileReference; lastKnownFileType = sourcecode.swift; path = StatisticViewController.swift; sourceTree = "<group>"; };
		7F8475512A8170B700BBF9EF /* TrackerCollectionViewCell.swift */ = {isa = PBXFileReference; lastKnownFileType = sourcecode.swift; path = TrackerCollectionViewCell.swift; sourceTree = "<group>"; };
		7F8475532A8176A000BBF9EF /* Tracker.swift */ = {isa = PBXFileReference; lastKnownFileType = sourcecode.swift; path = Tracker.swift; sourceTree = "<group>"; };
		7F8475582A84299800BBF9EF /* TrackerCategory.swift */ = {isa = PBXFileReference; lastKnownFileType = sourcecode.swift; path = TrackerCategory.swift; sourceTree = "<group>"; };
		7F84755A2A8429F500BBF9EF /* TrackerRecord.swift */ = {isa = PBXFileReference; lastKnownFileType = sourcecode.swift; path = TrackerRecord.swift; sourceTree = "<group>"; };
		7F84755C2A86AF7C00BBF9EF /* Helper.swift */ = {isa = PBXFileReference; lastKnownFileType = sourcecode.swift; path = Helper.swift; sourceTree = "<group>"; };
		7F8475602A86B52C00BBF9EF /* TrackerAddViewController.swift */ = {isa = PBXFileReference; lastKnownFileType = sourcecode.swift; path = TrackerAddViewController.swift; sourceTree = "<group>"; };
		7F8475622A8D514C00BBF9EF /* TrackerConfigurationViewController.swift */ = {isa = PBXFileReference; lastKnownFileType = sourcecode.swift; path = TrackerConfigurationViewController.swift; sourceTree = "<group>"; };
		7F9523E92AA239C700EA4B11 /* CalendarHelper.swift */ = {isa = PBXFileReference; lastKnownFileType = sourcecode.swift; path = CalendarHelper.swift; sourceTree = "<group>"; };
		7F9523ED2AA311A700EA4B11 /* Model.xcdatamodel */ = {isa = PBXFileReference; lastKnownFileType = wrapper.xcdatamodel; path = Model.xcdatamodel; sourceTree = "<group>"; };
		7F9523F02AA311F300EA4B11 /* TrackerStore.swift */ = {isa = PBXFileReference; lastKnownFileType = sourcecode.swift; path = TrackerStore.swift; sourceTree = "<group>"; };
		7F9523F22AA3121500EA4B11 /* TrackerCategoryStore.swift */ = {isa = PBXFileReference; lastKnownFileType = sourcecode.swift; path = TrackerCategoryStore.swift; sourceTree = "<group>"; };
		7F9523F42AA3122800EA4B11 /* TrackerRecordStore.swift */ = {isa = PBXFileReference; lastKnownFileType = sourcecode.swift; path = TrackerRecordStore.swift; sourceTree = "<group>"; };
		7FE9C52A2A9CDCB100C7C769 /* String_ext.swift */ = {isa = PBXFileReference; lastKnownFileType = sourcecode.swift; path = String_ext.swift; sourceTree = "<group>"; };
		7FE9C52C2A9CE25F00C7C769 /* Schedule.swift */ = {isa = PBXFileReference; lastKnownFileType = sourcecode.swift; path = Schedule.swift; sourceTree = "<group>"; };
		7FE9C52E2A9E757C00C7C769 /* ALertModel.swift */ = {isa = PBXFileReference; lastKnownFileType = sourcecode.swift; path = ALertModel.swift; sourceTree = "<group>"; };
/* End PBXFileReference section */

/* Begin PBXFrameworksBuildPhase section */
		7F20E60D2A759A6C00C49C3E /* Frameworks */ = {
			isa = PBXFrameworksBuildPhase;
			buildActionMask = 2147483647;
			files = (
			);
			runOnlyForDeploymentPostprocessing = 0;
		};
/* End PBXFrameworksBuildPhase section */

/* Begin PBXGroup section */
		7F20E6072A759A6C00C49C3E = {
			isa = PBXGroup;
			children = (
				7F20E6122A759A6C00C49C3E /* Tracker */,
				7F20E6112A759A6C00C49C3E /* Products */,
			);
			sourceTree = "<group>";
		};
		7F20E6112A759A6C00C49C3E /* Products */ = {
			isa = PBXGroup;
			children = (
				7F20E6102A759A6C00C49C3E /* Tracker.app */,
			);
			name = Products;
			sourceTree = "<group>";
		};
		7F20E6122A759A6C00C49C3E /* Tracker */ = {
			isa = PBXGroup;
			children = (
				7F20E6132A759A6C00C49C3E /* AppDelegate.swift */,
				7F20E6152A759A6C00C49C3E /* SceneDelegate.swift */,
				7F20E61E2A759A6E00C49C3E /* LaunchScreen.storyboard */,
				7F20E6212A759A6E00C49C3E /* Info.plist */,
				7F8475552A8176BC00BBF9EF /* Model */,
				7F84754A2A7F707600BBF9EF /* LauncScreen */,
				7F84755E2A86B4AA00BBF9EF /* TabBarView */,
				7F84755F2A86B4B700BBF9EF /* TrackersView */,
				7F8475662A8E940300BBF9EF /* TrackerConfigurationView */,
				7F6D3E412AACAD2B00FF0419 /* CategoryView */,
				7F9523EB2AA310EB00EA4B11 /* StaticticView */,
				7F34B3A32A975A830068359E /* ScheduleView */,
				7F8475452A7E921200BBF9EF /* Welcome */,
				7F9523EF2AA311BF00EA4B11 /* CoreData */,
				7F20E6272A75A22E00C49C3E /* Helper */,
			);
			path = Tracker;
			sourceTree = "<group>";
		};
		7F20E6272A75A22E00C49C3E /* Helper */ = {
			isa = PBXGroup;
			children = (
				7F20E61C2A759A6E00C49C3E /* Assets.xcassets */,
				7FE9C52A2A9CDCB100C7C769 /* String_ext.swift */,
				7F34B3AA2A98D39F0068359E /* Date_ext.swift */,
				7F20E6282A75A27D00C49C3E /* UIColor_ext.swift */,
				7F20E62A2A75C1F200C49C3E /* UIFont_ext.swift */,
				7F6D3E4C2AACBD4500FF0419 /* UIKit_ext.swift */,
				7F84755C2A86AF7C00BBF9EF /* Helper.swift */,
				7F34B39F2A972F990068359E /* AlertPresenter.swift */,
				7F9523E92AA239C700EA4B11 /* CalendarHelper.swift */,
				7F6D3E482AACB02900FF0419 /* Observable.swift */,
			);
			path = Helper;
			sourceTree = "<group>";
		};
		7F34B3A32A975A830068359E /* ScheduleView */ = {
			isa = PBXGroup;
			children = (
				7F34B3A12A975A790068359E /* ScheduleViewController.swift */,
				7F34B3A42A975B340068359E /* ScheduleTableViewCell.swift */,
			);
			path = ScheduleView;
			sourceTree = "<group>";
		};
		7F6D3E412AACAD2B00FF0419 /* CategoryView */ = {
			isa = PBXGroup;
			children = (
				7F6D3E3F2AACAD2600FF0419 /* CategoryViewController.swift */,
				7F6D3E442AACAD6A00FF0419 /* CategoryTableViewCell.swift */,
				7F6D3E422AACAD5300FF0419 /* CategoriesViewModel.swift */,
				7F6D3E462AACAD8600FF0419 /* CategoryViewModel.swift */,
				7F6D3E4A2AACBC8200FF0419 /* CategoryAddViewController.swift */,
				7F6D3E4E2AAEFC4B00FF0419 /* CategoryAddViewModel.swift */,
			);
			path = CategoryView;
			sourceTree = "<group>";
		};
		7F8475452A7E921200BBF9EF /* Welcome */ = {
			isa = PBXGroup;
			children = (
				7F8475462A7E923000BBF9EF /* WelcomePageViewController.swift */,
				7F8475432A7E868400BBF9EF /* WelcomeViewContoller.swift */,
			);
			path = Welcome;
			sourceTree = "<group>";
		};
		7F84754A2A7F707600BBF9EF /* LauncScreen */ = {
			isa = PBXGroup;
			children = (
				7F8475482A7F693F00BBF9EF /* LauncScreenViewController.swift */,
			);
			path = LauncScreen;
			sourceTree = "<group>";
		};
		7F8475552A8176BC00BBF9EF /* Model */ = {
			isa = PBXGroup;
			children = (
				7F8475532A8176A000BBF9EF /* Tracker.swift */,
				7F8475582A84299800BBF9EF /* TrackerCategory.swift */,
				7F84755A2A8429F500BBF9EF /* TrackerRecord.swift */,
				7FE9C52C2A9CE25F00C7C769 /* Schedule.swift */,
				7FE9C52E2A9E757C00C7C769 /* ALertModel.swift */,
			);
			path = Model;
			sourceTree = "<group>";
		};
		7F84755E2A86B4AA00BBF9EF /* TabBarView */ = {
			isa = PBXGroup;
			children = (
				7F84754B2A7F73ED00BBF9EF /* TabBarController.swift */,
			);
			path = TabBarView;
			sourceTree = "<group>";
		};
		7F84755F2A86B4B700BBF9EF /* TrackersView */ = {
			isa = PBXGroup;
			children = (
				7F84754D2A7F7C0000BBF9EF /* TrackersViewController.swift */,
				7F8475602A86B52C00BBF9EF /* TrackerAddViewController.swift */,
				7F8475512A8170B700BBF9EF /* TrackerCollectionViewCell.swift */,
				7F34B3A82A98A46F0068359E /* SupplementaryTrackersView.swift */,
			);
			path = TrackersView;
			sourceTree = "<group>";
		};
		7F8475662A8E940300BBF9EF /* TrackerConfigurationView */ = {
			isa = PBXGroup;
			children = (
				7F8475622A8D514C00BBF9EF /* TrackerConfigurationViewController.swift */,
				7F16D7562A93CF370054FFF1 /* ConfigTableViewCell.swift */,
				7F6D3E502AB21E0E00FF0419 /* ConfigTableViewCellViewModel.swift */,
				7F16D75C2A9666580054FFF1 /* EmojieView.swift */,
				7F16D75A2A96625C0054FFF1 /* EmojieCell.swift */,
				7F16D7602A96B7420054FFF1 /* ColorView.swift */,
				7F16D75E2A96B6A50054FFF1 /* ColorCell.swift */,
			);
			path = TrackerConfigurationView;
			sourceTree = "<group>";
		};
		7F9523EB2AA310EB00EA4B11 /* StaticticView */ = {
			isa = PBXGroup;
			children = (
				7F84754F2A7F7C5400BBF9EF /* StatisticViewController.swift */,
			);
			path = StaticticView;
			sourceTree = "<group>";
		};
		7F9523EF2AA311BF00EA4B11 /* CoreData */ = {
			isa = PBXGroup;
			children = (
				7F9523EC2AA311A700EA4B11 /* Model.xcdatamodeld */,
				7F9523F02AA311F300EA4B11 /* TrackerStore.swift */,
				7F9523F22AA3121500EA4B11 /* TrackerCategoryStore.swift */,
				7F9523F42AA3122800EA4B11 /* TrackerRecordStore.swift */,
			);
			path = CoreData;
			sourceTree = "<group>";
		};
/* End PBXGroup section */

/* Begin PBXNativeTarget section */
		7F20E60F2A759A6C00C49C3E /* Tracker */ = {
			isa = PBXNativeTarget;
			buildConfigurationList = 7F20E6242A759A6E00C49C3E /* Build configuration list for PBXNativeTarget "Tracker" */;
			buildPhases = (
				7F20E60C2A759A6C00C49C3E /* Sources */,
				7F20E60D2A759A6C00C49C3E /* Frameworks */,
				7F20E60E2A759A6C00C49C3E /* Resources */,
			);
			buildRules = (
			);
			dependencies = (
			);
			name = Tracker;
			productName = Tracker;
			productReference = 7F20E6102A759A6C00C49C3E /* Tracker.app */;
			productType = "com.apple.product-type.application";
		};
/* End PBXNativeTarget section */

/* Begin PBXProject section */
		7F20E6082A759A6C00C49C3E /* Project object */ = {
			isa = PBXProject;
			attributes = {
				BuildIndependentTargetsInParallel = 1;
				LastSwiftUpdateCheck = 1420;
				LastUpgradeCheck = 1420;
				TargetAttributes = {
					7F20E60F2A759A6C00C49C3E = {
						CreatedOnToolsVersion = 14.2;
					};
				};
			};
			buildConfigurationList = 7F20E60B2A759A6C00C49C3E /* Build configuration list for PBXProject "Tracker" */;
			compatibilityVersion = "Xcode 14.0";
			developmentRegion = en;
			hasScannedForEncodings = 0;
			knownRegions = (
				en,
				Base,
			);
			mainGroup = 7F20E6072A759A6C00C49C3E;
			productRefGroup = 7F20E6112A759A6C00C49C3E /* Products */;
			projectDirPath = "";
			projectRoot = "";
			targets = (
				7F20E60F2A759A6C00C49C3E /* Tracker */,
			);
		};
/* End PBXProject section */

/* Begin PBXResourcesBuildPhase section */
		7F20E60E2A759A6C00C49C3E /* Resources */ = {
			isa = PBXResourcesBuildPhase;
			buildActionMask = 2147483647;
			files = (
				7F20E6202A759A6E00C49C3E /* LaunchScreen.storyboard in Resources */,
				7F20E61D2A759A6E00C49C3E /* Assets.xcassets in Resources */,
			);
			runOnlyForDeploymentPostprocessing = 0;
		};
/* End PBXResourcesBuildPhase section */

/* Begin PBXSourcesBuildPhase section */
		7F20E60C2A759A6C00C49C3E /* Sources */ = {
			isa = PBXSourcesBuildPhase;
			buildActionMask = 2147483647;
			files = (
				7F8475542A8176A000BBF9EF /* Tracker.swift in Sources */,
				7FE9C52D2A9CE25F00C7C769 /* Schedule.swift in Sources */,
				7F8475522A8170B700BBF9EF /* TrackerCollectionViewCell.swift in Sources */,
				7F8475632A8D514C00BBF9EF /* TrackerConfigurationViewController.swift in Sources */,
				7F9523F32AA3121500EA4B11 /* TrackerCategoryStore.swift in Sources */,
				7F8475472A7E923000BBF9EF /* WelcomePageViewController.swift in Sources */,
				7F6D3E4B2AACBC8200FF0419 /* CategoryAddViewController.swift in Sources */,
				7F20E6292A75A27D00C49C3E /* UIColor_ext.swift in Sources */,
				7F8475612A86B52C00BBF9EF /* TrackerAddViewController.swift in Sources */,
				7F6D3E432AACAD5300FF0419 /* CategoriesViewModel.swift in Sources */,
				7F8475502A7F7C5400BBF9EF /* StatisticViewController.swift in Sources */,
				7F34B3A02A972F990068359E /* AlertPresenter.swift in Sources */,
				7F84754C2A7F73ED00BBF9EF /* TabBarController.swift in Sources */,
				7FE9C52F2A9E757C00C7C769 /* ALertModel.swift in Sources */,
				7F16D7572A93CF370054FFF1 /* ConfigTableViewCell.swift in Sources */,
				7F8475492A7F693F00BBF9EF /* LauncScreenViewController.swift in Sources */,
				7F84755D2A86AF7C00BBF9EF /* Helper.swift in Sources */,
				7F6D3E492AACB02900FF0419 /* Observable.swift in Sources */,
				7F34B3AB2A98D39F0068359E /* Date_ext.swift in Sources */,
				7F34B3A22A975A790068359E /* ScheduleViewController.swift in Sources */,
				7F84754E2A7F7C0000BBF9EF /* TrackersViewController.swift in Sources */,
				7F9523F12AA311F400EA4B11 /* TrackerStore.swift in Sources */,
				7F16D7612A96B7420054FFF1 /* ColorView.swift in Sources */,
				7F6D3E4F2AAEFC4B00FF0419 /* CategoryAddViewModel.swift in Sources */,
				7F84755B2A8429F500BBF9EF /* TrackerRecord.swift in Sources */,
				7F6D3E472AACAD8600FF0419 /* CategoryViewModel.swift in Sources */,
				7F34B3A92A98A46F0068359E /* SupplementaryTrackersView.swift in Sources */,
				7F8475592A84299900BBF9EF /* TrackerCategory.swift in Sources */,
				7F9523EA2AA239C700EA4B11 /* CalendarHelper.swift in Sources */,
				7F16D75B2A96625C0054FFF1 /* EmojieCell.swift in Sources */,
				7F6D3E512AB21E0E00FF0419 /* ConfigTableViewCellViewModel.swift in Sources */,
				7F16D75F2A96B6A50054FFF1 /* ColorCell.swift in Sources */,
				7F6D3E402AACAD2600FF0419 /* CategoryViewController.swift in Sources */,
				7F20E6142A759A6C00C49C3E /* AppDelegate.swift in Sources */,
				7F20E6162A759A6C00C49C3E /* SceneDelegate.swift in Sources */,
				7F8475442A7E868400BBF9EF /* WelcomeViewContoller.swift in Sources */,
				7F6D3E4D2AACBD4500FF0419 /* UIKit_ext.swift in Sources */,
				7F9523EE2AA311A700EA4B11 /* Model.xcdatamodeld in Sources */,
				7F9523F52AA3122800EA4B11 /* TrackerRecordStore.swift in Sources */,
				7F6D3E452AACAD6A00FF0419 /* CategoryTableViewCell.swift in Sources */,
				7FE9C52B2A9CDCB100C7C769 /* String_ext.swift in Sources */,
				7F16D75D2A9666580054FFF1 /* EmojieView.swift in Sources */,
				7F20E62B2A75C1F200C49C3E /* UIFont_ext.swift in Sources */,
				7F34B3A52A975B340068359E /* ScheduleTableViewCell.swift in Sources */,
			);
			runOnlyForDeploymentPostprocessing = 0;
		};
/* End PBXSourcesBuildPhase section */

/* Begin PBXVariantGroup section */
		7F20E61E2A759A6E00C49C3E /* LaunchScreen.storyboard */ = {
			isa = PBXVariantGroup;
			children = (
				7F20E61F2A759A6E00C49C3E /* Base */,
			);
			name = LaunchScreen.storyboard;
			sourceTree = "<group>";
		};
/* End PBXVariantGroup section */

/* Begin XCBuildConfiguration section */
		7F20E6222A759A6E00C49C3E /* Debug */ = {
			isa = XCBuildConfiguration;
			buildSettings = {
				ALWAYS_SEARCH_USER_PATHS = NO;
				CLANG_ANALYZER_NONNULL = YES;
				CLANG_ANALYZER_NUMBER_OBJECT_CONVERSION = YES_AGGRESSIVE;
				CLANG_CXX_LANGUAGE_STANDARD = "gnu++20";
				CLANG_ENABLE_MODULES = YES;
				CLANG_ENABLE_OBJC_ARC = YES;
				CLANG_ENABLE_OBJC_WEAK = YES;
				CLANG_WARN_BLOCK_CAPTURE_AUTORELEASING = YES;
				CLANG_WARN_BOOL_CONVERSION = YES;
				CLANG_WARN_COMMA = YES;
				CLANG_WARN_CONSTANT_CONVERSION = YES;
				CLANG_WARN_DEPRECATED_OBJC_IMPLEMENTATIONS = YES;
				CLANG_WARN_DIRECT_OBJC_ISA_USAGE = YES_ERROR;
				CLANG_WARN_DOCUMENTATION_COMMENTS = YES;
				CLANG_WARN_EMPTY_BODY = YES;
				CLANG_WARN_ENUM_CONVERSION = YES;
				CLANG_WARN_INFINITE_RECURSION = YES;
				CLANG_WARN_INT_CONVERSION = YES;
				CLANG_WARN_NON_LITERAL_NULL_CONVERSION = YES;
				CLANG_WARN_OBJC_IMPLICIT_RETAIN_SELF = YES;
				CLANG_WARN_OBJC_LITERAL_CONVERSION = YES;
				CLANG_WARN_OBJC_ROOT_CLASS = YES_ERROR;
				CLANG_WARN_QUOTED_INCLUDE_IN_FRAMEWORK_HEADER = YES;
				CLANG_WARN_RANGE_LOOP_ANALYSIS = YES;
				CLANG_WARN_STRICT_PROTOTYPES = YES;
				CLANG_WARN_SUSPICIOUS_MOVE = YES;
				CLANG_WARN_UNGUARDED_AVAILABILITY = YES_AGGRESSIVE;
				CLANG_WARN_UNREACHABLE_CODE = YES;
				CLANG_WARN__DUPLICATE_METHOD_MATCH = YES;
				COPY_PHASE_STRIP = NO;
				DEBUG_INFORMATION_FORMAT = dwarf;
				ENABLE_STRICT_OBJC_MSGSEND = YES;
				ENABLE_TESTABILITY = YES;
				GCC_C_LANGUAGE_STANDARD = gnu11;
				GCC_DYNAMIC_NO_PIC = NO;
				GCC_NO_COMMON_BLOCKS = YES;
				GCC_OPTIMIZATION_LEVEL = 0;
				GCC_PREPROCESSOR_DEFINITIONS = (
					"DEBUG=1",
					"$(inherited)",
				);
				GCC_WARN_64_TO_32_BIT_CONVERSION = YES;
				GCC_WARN_ABOUT_RETURN_TYPE = YES_ERROR;
				GCC_WARN_UNDECLARED_SELECTOR = YES;
				GCC_WARN_UNINITIALIZED_AUTOS = YES_AGGRESSIVE;
				GCC_WARN_UNUSED_FUNCTION = YES;
				GCC_WARN_UNUSED_VARIABLE = YES;
				IPHONEOS_DEPLOYMENT_TARGET = 16.2;
				MTL_ENABLE_DEBUG_INFO = INCLUDE_SOURCE;
				MTL_FAST_MATH = YES;
				ONLY_ACTIVE_ARCH = YES;
				SDKROOT = iphoneos;
				SWIFT_ACTIVE_COMPILATION_CONDITIONS = DEBUG;
				SWIFT_OPTIMIZATION_LEVEL = "-Onone";
			};
			name = Debug;
		};
		7F20E6232A759A6E00C49C3E /* Release */ = {
			isa = XCBuildConfiguration;
			buildSettings = {
				ALWAYS_SEARCH_USER_PATHS = NO;
				CLANG_ANALYZER_NONNULL = YES;
				CLANG_ANALYZER_NUMBER_OBJECT_CONVERSION = YES_AGGRESSIVE;
				CLANG_CXX_LANGUAGE_STANDARD = "gnu++20";
				CLANG_ENABLE_MODULES = YES;
				CLANG_ENABLE_OBJC_ARC = YES;
				CLANG_ENABLE_OBJC_WEAK = YES;
				CLANG_WARN_BLOCK_CAPTURE_AUTORELEASING = YES;
				CLANG_WARN_BOOL_CONVERSION = YES;
				CLANG_WARN_COMMA = YES;
				CLANG_WARN_CONSTANT_CONVERSION = YES;
				CLANG_WARN_DEPRECATED_OBJC_IMPLEMENTATIONS = YES;
				CLANG_WARN_DIRECT_OBJC_ISA_USAGE = YES_ERROR;
				CLANG_WARN_DOCUMENTATION_COMMENTS = YES;
				CLANG_WARN_EMPTY_BODY = YES;
				CLANG_WARN_ENUM_CONVERSION = YES;
				CLANG_WARN_INFINITE_RECURSION = YES;
				CLANG_WARN_INT_CONVERSION = YES;
				CLANG_WARN_NON_LITERAL_NULL_CONVERSION = YES;
				CLANG_WARN_OBJC_IMPLICIT_RETAIN_SELF = YES;
				CLANG_WARN_OBJC_LITERAL_CONVERSION = YES;
				CLANG_WARN_OBJC_ROOT_CLASS = YES_ERROR;
				CLANG_WARN_QUOTED_INCLUDE_IN_FRAMEWORK_HEADER = YES;
				CLANG_WARN_RANGE_LOOP_ANALYSIS = YES;
				CLANG_WARN_STRICT_PROTOTYPES = YES;
				CLANG_WARN_SUSPICIOUS_MOVE = YES;
				CLANG_WARN_UNGUARDED_AVAILABILITY = YES_AGGRESSIVE;
				CLANG_WARN_UNREACHABLE_CODE = YES;
				CLANG_WARN__DUPLICATE_METHOD_MATCH = YES;
				COPY_PHASE_STRIP = NO;
				DEBUG_INFORMATION_FORMAT = "dwarf-with-dsym";
				ENABLE_NS_ASSERTIONS = NO;
				ENABLE_STRICT_OBJC_MSGSEND = YES;
				GCC_C_LANGUAGE_STANDARD = gnu11;
				GCC_NO_COMMON_BLOCKS = YES;
				GCC_WARN_64_TO_32_BIT_CONVERSION = YES;
				GCC_WARN_ABOUT_RETURN_TYPE = YES_ERROR;
				GCC_WARN_UNDECLARED_SELECTOR = YES;
				GCC_WARN_UNINITIALIZED_AUTOS = YES_AGGRESSIVE;
				GCC_WARN_UNUSED_FUNCTION = YES;
				GCC_WARN_UNUSED_VARIABLE = YES;
				IPHONEOS_DEPLOYMENT_TARGET = 16.2;
				MTL_ENABLE_DEBUG_INFO = NO;
				MTL_FAST_MATH = YES;
				SDKROOT = iphoneos;
				SWIFT_COMPILATION_MODE = wholemodule;
				SWIFT_OPTIMIZATION_LEVEL = "-O";
				VALIDATE_PRODUCT = YES;
			};
			name = Release;
		};
		7F20E6252A759A6E00C49C3E /* Debug */ = {
			isa = XCBuildConfiguration;
			buildSettings = {
				ASSETCATALOG_COMPILER_APPICON_NAME = AppIcon;
				ASSETCATALOG_COMPILER_GLOBAL_ACCENT_COLOR_NAME = AccentColor;
				CODE_SIGN_STYLE = Automatic;
				CURRENT_PROJECT_VERSION = 1;
				DEVELOPMENT_TEAM = Y27NXSCDUZ;
				GENERATE_INFOPLIST_FILE = YES;
				INFOPLIST_FILE = Tracker/Info.plist;
				INFOPLIST_KEY_UIApplicationSupportsIndirectInputEvents = YES;
				INFOPLIST_KEY_UILaunchStoryboardName = LaunchScreen;
				INFOPLIST_KEY_UISupportedInterfaceOrientations = UIInterfaceOrientationPortrait;
				INFOPLIST_KEY_UISupportedInterfaceOrientations_iPad = "UIInterfaceOrientationLandscapeLeft UIInterfaceOrientationLandscapeRight UIInterfaceOrientationPortrait UIInterfaceOrientationPortraitUpsideDown";
				IPHONEOS_DEPLOYMENT_TARGET = 13.4;
				LD_RUNPATH_SEARCH_PATHS = (
					"$(inherited)",
					"@executable_path/Frameworks",
				);
				MARKETING_VERSION = 1.0;
				PRODUCT_BUNDLE_IDENTIFIER = ru.alexander.kudryashov.Tracker;
				PRODUCT_NAME = "$(TARGET_NAME)";
				SWIFT_EMIT_LOC_STRINGS = YES;
				SWIFT_VERSION = 5.0;
				TARGETED_DEVICE_FAMILY = "1,2";
			};
			name = Debug;
		};
		7F20E6262A759A6E00C49C3E /* Release */ = {
			isa = XCBuildConfiguration;
			buildSettings = {
				ASSETCATALOG_COMPILER_APPICON_NAME = AppIcon;
				ASSETCATALOG_COMPILER_GLOBAL_ACCENT_COLOR_NAME = AccentColor;
				CODE_SIGN_STYLE = Automatic;
				CURRENT_PROJECT_VERSION = 1;
				DEVELOPMENT_TEAM = Y27NXSCDUZ;
				GENERATE_INFOPLIST_FILE = YES;
				INFOPLIST_FILE = Tracker/Info.plist;
				INFOPLIST_KEY_UIApplicationSupportsIndirectInputEvents = YES;
				INFOPLIST_KEY_UILaunchStoryboardName = LaunchScreen;
				INFOPLIST_KEY_UISupportedInterfaceOrientations = UIInterfaceOrientationPortrait;
				INFOPLIST_KEY_UISupportedInterfaceOrientations_iPad = "UIInterfaceOrientationLandscapeLeft UIInterfaceOrientationLandscapeRight UIInterfaceOrientationPortrait UIInterfaceOrientationPortraitUpsideDown";
				IPHONEOS_DEPLOYMENT_TARGET = 13.4;
				LD_RUNPATH_SEARCH_PATHS = (
					"$(inherited)",
					"@executable_path/Frameworks",
				);
				MARKETING_VERSION = 1.0;
				PRODUCT_BUNDLE_IDENTIFIER = ru.alexander.kudryashov.Tracker;
				PRODUCT_NAME = "$(TARGET_NAME)";
				SWIFT_EMIT_LOC_STRINGS = YES;
				SWIFT_VERSION = 5.0;
				TARGETED_DEVICE_FAMILY = "1,2";
			};
			name = Release;
		};
/* End XCBuildConfiguration section */

/* Begin XCConfigurationList section */
		7F20E60B2A759A6C00C49C3E /* Build configuration list for PBXProject "Tracker" */ = {
			isa = XCConfigurationList;
			buildConfigurations = (
				7F20E6222A759A6E00C49C3E /* Debug */,
				7F20E6232A759A6E00C49C3E /* Release */,
			);
			defaultConfigurationIsVisible = 0;
			defaultConfigurationName = Release;
		};
		7F20E6242A759A6E00C49C3E /* Build configuration list for PBXNativeTarget "Tracker" */ = {
			isa = XCConfigurationList;
			buildConfigurations = (
				7F20E6252A759A6E00C49C3E /* Debug */,
				7F20E6262A759A6E00C49C3E /* Release */,
			);
			defaultConfigurationIsVisible = 0;
			defaultConfigurationName = Release;
		};
/* End XCConfigurationList section */

/* Begin XCVersionGroup section */
		7F9523EC2AA311A700EA4B11 /* Model.xcdatamodeld */ = {
			isa = XCVersionGroup;
			children = (
				7F9523ED2AA311A700EA4B11 /* Model.xcdatamodel */,
			);
			currentVersion = 7F9523ED2AA311A700EA4B11 /* Model.xcdatamodel */;
			path = Model.xcdatamodeld;
			sourceTree = "<group>";
			versionGroupType = wrapper.xcdatamodel;
		};
/* End XCVersionGroup section */
	};
	rootObject = 7F20E6082A759A6C00C49C3E /* Project object */;
}
